// !$*UTF8*$!
{
	archiveVersion = 1;
	classes = {
	};
	objectVersion = 46;
	objects = {

/* Begin PBXBuildFile section */
		1498D2341E8E89220040F4C2 /* GeneratedPluginRegistrant.m in Sources */ = {isa = PBXBuildFile; fileRef = 1498D2331E8E89220040F4C2 /* GeneratedPluginRegistrant.m */; };
		3B3967161E833CAA004F5970 /* AppFrameworkInfo.plist in Resources */ = {isa = PBXBuildFile; fileRef = 3B3967151E833CAA004F5970 /* AppFrameworkInfo.plist */; };
		3B80C3941E831B6300D905FE /* App.framework in Frameworks */ = {isa = PBXBuildFile; fileRef = 3B80C3931E831B6300D905FE /* App.framework */; };
		3B80C3951E831B6300D905FE /* App.framework in Embed Frameworks */ = {isa = PBXBuildFile; fileRef = 3B80C3931E831B6300D905FE /* App.framework */; settings = {ATTRIBUTES = (CodeSignOnCopy, RemoveHeadersOnCopy, ); }; };
		61F3DCBE914A0DC334E3167B /* libPods-Runner.a in Frameworks */ = {isa = PBXBuildFile; fileRef = 0291630783B7CDDFABAA0A2F /* libPods-Runner.a */; };
		9705A1C61CF904A100538489 /* Flutter.framework in Frameworks */ = {isa = PBXBuildFile; fileRef = 9740EEBA1CF902C7004384FC /* Flutter.framework */; };
		9705A1C71CF904A300538489 /* Flutter.framework in Embed Frameworks */ = {isa = PBXBuildFile; fileRef = 9740EEBA1CF902C7004384FC /* Flutter.framework */; settings = {ATTRIBUTES = (CodeSignOnCopy, RemoveHeadersOnCopy, ); }; };
		9740EEB41CF90195004384FC /* Debug.xcconfig in Resources */ = {isa = PBXBuildFile; fileRef = 9740EEB21CF90195004384FC /* Debug.xcconfig */; };
		978B8F6F1D3862AE00F588F7 /* AppDelegate.m in Sources */ = {isa = PBXBuildFile; fileRef = 7AFFD8EE1D35381100E5BB4D /* AppDelegate.m */; };
		97C146F31CF9000F007C117D /* main.m in Sources */ = {isa = PBXBuildFile; fileRef = 97C146F21CF9000F007C117D /* main.m */; };
		97C146FC1CF9000F007C117D /* Main.storyboard in Resources */ = {isa = PBXBuildFile; fileRef = 97C146FA1CF9000F007C117D /* Main.storyboard */; };
		97C146FE1CF9000F007C117D /* Assets.xcassets in Resources */ = {isa = PBXBuildFile; fileRef = 97C146FD1CF9000F007C117D /* Assets.xcassets */; };
		97C147011CF9000F007C117D /* LaunchScreen.storyboard in Resources */ = {isa = PBXBuildFile; fileRef = 97C146FF1CF9000F007C117D /* LaunchScreen.storyboard */; };
		EF071C00232634F8007E5D9B /* CJNavigationViewController.m in Sources */ = {isa = PBXBuildFile; fileRef = EF071BFF232634F8007E5D9B /* CJNavigationViewController.m */; };
		EF11BE6B22FABBD600CAD319 /* CJFlutterViewController.m in Sources */ = {isa = PBXBuildFile; fileRef = EF11BE6222FABBD600CAD319 /* CJFlutterViewController.m */; };
		EF11BE7222FABBFC00CAD319 /* CJUtilBridge.m in Sources */ = {isa = PBXBuildFile; fileRef = EF11BE6F22FABBFC00CAD319 /* CJUtilBridge.m */; };
		EF11BE7922FAC65300CAD319 /* CJSessionListViewController.m in Sources */ = {isa = PBXBuildFile; fileRef = EF11BE7822FAC65300CAD319 /* CJSessionListViewController.m */; };
		EF11BE7C22FAC74300CAD319 /* CJContactsViewController.m in Sources */ = {isa = PBXBuildFile; fileRef = EF11BE7B22FAC74300CAD319 /* CJContactsViewController.m */; };
		EF1422EF23055BF500AEAA55 /* CJMineViewController.m in Sources */ = {isa = PBXBuildFile; fileRef = EF1422EE23055BF500AEAA55 /* CJMineViewController.m */; };
		EF42BB4D2385316200DAA191 /* CJTabbarController.m in Sources */ = {isa = PBXBuildFile; fileRef = EF42BB4C2385316200DAA191 /* CJTabbarController.m */; };
		EF53F6E823A8762A004EB4B4 /* CJNewFriendViewController.m in Sources */ = {isa = PBXBuildFile; fileRef = EF53F6E723A8762A004EB4B4 /* CJNewFriendViewController.m */; };
		EF5FD2D22399E9D6006A664D /* libz.tbd in Frameworks */ = {isa = PBXBuildFile; fileRef = EF5FD2D12399E9D6006A664D /* libz.tbd */; };
		EF6C552D237AAC8600EE1E35 /* PlatformRouterImp.m in Sources */ = {isa = PBXBuildFile; fileRef = EF6C552C237AAC8600EE1E35 /* PlatformRouterImp.m */; };
		EF6C5530237BDAB200EE1E35 /* CJLoginViewController.m in Sources */ = {isa = PBXBuildFile; fileRef = EF6C552F237BDAB200EE1E35 /* CJLoginViewController.m */; };
		EF8A41092334AF7D00AF697E /* CJSessionViewController.m in Sources */ = {isa = PBXBuildFile; fileRef = EF8A41082334AF7D00AF697E /* CJSessionViewController.m */; };
		EF8A41102334BEC100AF697E /* CJMoreContainerConfig.m in Sources */ = {isa = PBXBuildFile; fileRef = EF8A410F2334BEC100AF697E /* CJMoreContainerConfig.m */; };
		EF8A41152334D60E00AF697E /* CJPayManager.m in Sources */ = {isa = PBXBuildFile; fileRef = EF8A41142334D60E00AF697E /* CJPayManager.m */; };
		EF8A411A23386D0300AF697E /* CJCustomAttachmentDecoder.m in Sources */ = {isa = PBXBuildFile; fileRef = EF8A411923386D0300AF697E /* CJCustomAttachmentDecoder.m */; };
		EF8A412123386E7100AF697E /* Res.bundle in Resources */ = {isa = PBXBuildFile; fileRef = EF8A411E23386E7000AF697E /* Res.bundle */; };
		EF8A412323386E7100AF697E /* YXInterface.m in Sources */ = {isa = PBXBuildFile; fileRef = EF8A412023386E7000AF697E /* YXInterface.m */; };
		EF8A412A2338733700AF697E /* CJSessionCustomContentConfig.m in Sources */ = {isa = PBXBuildFile; fileRef = EF8A41292338733700AF697E /* CJSessionCustomContentConfig.m */; };
		EF8A412E2338754900AF697E /* CJCellLayoutConfig.m in Sources */ = {isa = PBXBuildFile; fileRef = EF8A412D2338754900AF697E /* CJCellLayoutConfig.m */; };
		EF8A413123389A9100AF697E /* CJYeePayRedPacketAtachment.m in Sources */ = {isa = PBXBuildFile; fileRef = EF8A413023389A9100AF697E /* CJYeePayRedPacketAtachment.m */; };
		EF8A413423389DAC00AF697E /* CJYeeRedPacketContentView.m in Sources */ = {isa = PBXBuildFile; fileRef = EF8A413323389DAC00AF697E /* CJYeeRedPacketContentView.m */; };
		EF8A41382338B01500AF697E /* CJNotificationCenter.m in Sources */ = {isa = PBXBuildFile; fileRef = EF8A41372338B01500AF697E /* CJNotificationCenter.m */; };
		EF8A413E2338B23400AF697E /* NTESAVNotifier.m in Sources */ = {isa = PBXBuildFile; fileRef = EF8A413C2338B23400AF697E /* NTESAVNotifier.m */; };
		EF8A41412338B4F200AF697E /* NTESSessionUtil.m in Sources */ = {isa = PBXBuildFile; fileRef = EF8A413F2338B4F200AF697E /* NTESSessionUtil.m */; };
		EF8A414F2338C03000AF697E /* video_connect_chat_tip_sender.aac in Resources */ = {isa = PBXBuildFile; fileRef = EF8A41472338C03000AF697E /* video_connect_chat_tip_sender.aac */; };
		EF8A41502338C03000AF697E /* video_chat_tip_OnCall.aac in Resources */ = {isa = PBXBuildFile; fileRef = EF8A41482338C03000AF697E /* video_chat_tip_OnCall.aac */; };
		EF8A41512338C03000AF697E /* video_chat_tip_sender.aac in Resources */ = {isa = PBXBuildFile; fileRef = EF8A41492338C03000AF697E /* video_chat_tip_sender.aac */; };
		EF8A41522338C03000AF697E /* video_chat_tip_HangUp.aac in Resources */ = {isa = PBXBuildFile; fileRef = EF8A414A2338C03000AF697E /* video_chat_tip_HangUp.aac */; };
		EF8A41532338C03000AF697E /* message.wav in Resources */ = {isa = PBXBuildFile; fileRef = EF8A414B2338C03000AF697E /* message.wav */; };
		EF8A41542338C03000AF697E /* video_chat_tip_receiver.aac in Resources */ = {isa = PBXBuildFile; fileRef = EF8A414C2338C03000AF697E /* video_chat_tip_receiver.aac */; };
		EF8A41552338C03000AF697E /* video_chat_tip_onTimer.aac in Resources */ = {isa = PBXBuildFile; fileRef = EF8A414D2338C03000AF697E /* video_chat_tip_onTimer.aac */; };
		EF8A41562338C03000AF697E /* video_chat_push.mp3 in Resources */ = {isa = PBXBuildFile; fileRef = EF8A414E2338C03000AF697E /* video_chat_push.mp3 */; };
		EF8A41612339AAFB00AF697E /* CJCustomAttachmentDefines.m in Sources */ = {isa = PBXBuildFile; fileRef = EF8A41602339AAFA00AF697E /* CJCustomAttachmentDefines.m */; };
		EF9C904923AB29C500081F82 /* CJScanViewController.m in Sources */ = {isa = PBXBuildFile; fileRef = EF9C904823AB29C500081F82 /* CJScanViewController.m */; };
		EF9C905423AB617800081F82 /* CJMFRedPacketAttachment.m in Sources */ = {isa = PBXBuildFile; fileRef = EF9C905323AB617800081F82 /* CJMFRedPacketAttachment.m */; };
		EF9C905723AB618500081F82 /* CJMFRedPacketTipAttachment.m in Sources */ = {isa = PBXBuildFile; fileRef = EF9C905623AB618500081F82 /* CJMFRedPacketTipAttachment.m */; };
		EF9C905A23AB61A500081F82 /* CJMFRedPacketContentView.m in Sources */ = {isa = PBXBuildFile; fileRef = EF9C905923AB61A500081F82 /* CJMFRedPacketContentView.m */; };
		EF9C905D23AB61C700081F82 /* CJMFRedPacketTipContentView.m in Sources */ = {isa = PBXBuildFile; fileRef = EF9C905C23AB61C700081F82 /* CJMFRedPacketTipContentView.m */; };
		EF9C906E23AB6A3B00081F82 /* CJCloudRedPacketAttachment.m in Sources */ = {isa = PBXBuildFile; fileRef = EF9C906B23AB6A3B00081F82 /* CJCloudRedPacketAttachment.m */; };
		EF9C906F23AB6A3B00081F82 /* CJCloudRedPacketTipAttachment.m in Sources */ = {isa = PBXBuildFile; fileRef = EF9C906D23AB6A3B00081F82 /* CJCloudRedPacketTipAttachment.m */; };
		EF9C907423AB6A4400081F82 /* CJCloudRedPacketContentView.m in Sources */ = {isa = PBXBuildFile; fileRef = EF9C907023AB6A4400081F82 /* CJCloudRedPacketContentView.m */; };
		EF9C907523AB6A4400081F82 /* CJCloudRedPacketTipContentView.m in Sources */ = {isa = PBXBuildFile; fileRef = EF9C907223AB6A4400081F82 /* CJCloudRedPacketTipContentView.m */; };
		EF9C908423AB707400081F82 /* MFWalletKit.framework in Frameworks */ = {isa = PBXBuildFile; fileRef = EF9C907723AB707300081F82 /* MFWalletKit.framework */; };
		EF9C908523AB707400081F82 /* jrmf_p.cer in Resources */ = {isa = PBXBuildFile; fileRef = EF9C907823AB707300081F82 /* jrmf_p.cer */; };
		EF9C908623AB707400081F82 /* WalletResource.bundle in Resources */ = {isa = PBXBuildFile; fileRef = EF9C907923AB707300081F82 /* WalletResource.bundle */; };
		EF9C908723AB707400081F82 /* JRMFSington.m in Sources */ = {isa = PBXBuildFile; fileRef = EF9C907A23AB707300081F82 /* JRMFSington.m */; };
		EF9C908823AB707400081F82 /* JrmfPacketKit.framework in Frameworks */ = {isa = PBXBuildFile; fileRef = EF9C907B23AB707300081F82 /* JrmfPacketKit.framework */; };
		EF9C908923AB707400081F82 /* jrmf_o.cer in Resources */ = {isa = PBXBuildFile; fileRef = EF9C907C23AB707300081F82 /* jrmf_o.cer */; };
		EF9C908A23AB707400081F82 /* jrmf_n.cer in Resources */ = {isa = PBXBuildFile; fileRef = EF9C907D23AB707300081F82 /* jrmf_n.cer */; };
		EF9C908B23AB707400081F82 /* MFRedPacketKit.framework in Frameworks */ = {isa = PBXBuildFile; fileRef = EF9C907E23AB707300081F82 /* MFRedPacketKit.framework */; };
		EF9C908C23AB707400081F82 /* JYangToolKit.framework in Frameworks */ = {isa = PBXBuildFile; fileRef = EF9C907F23AB707300081F82 /* JYangToolKit.framework */; };
		EF9C908D23AB707400081F82 /* JrmfWalletKit.framework in Frameworks */ = {isa = PBXBuildFile; fileRef = EF9C908123AB707300081F82 /* JrmfWalletKit.framework */; };
		EF9C908E23AB707400081F82 /* JResource.bundle in Resources */ = {isa = PBXBuildFile; fileRef = EF9C908323AB707300081F82 /* JResource.bundle */; };
		EFD25934233B6E4E00E78DB6 /* YouXiPayUISDK.framework in Frameworks */ = {isa = PBXBuildFile; fileRef = EFD25933233B6E4E00E78DB6 /* YouXiPayUISDK.framework */; };
		EFD25939233C977400E78DB6 /* CJYeePayRedPacketTipAttachment.m in Sources */ = {isa = PBXBuildFile; fileRef = EFD25938233C977400E78DB6 /* CJYeePayRedPacketTipAttachment.m */; };
		EFD2593C233C9A7B00E78DB6 /* CJYeeRedPacketTipContentView.m in Sources */ = {isa = PBXBuildFile; fileRef = EFD2593B233C9A7B00E78DB6 /* CJYeeRedPacketTipContentView.m */; };
/* End PBXBuildFile section */

/* Begin PBXCopyFilesBuildPhase section */
		9705A1C41CF9048500538489 /* Embed Frameworks */ = {
			isa = PBXCopyFilesBuildPhase;
			buildActionMask = 2147483647;
			dstPath = "";
			dstSubfolderSpec = 10;
			files = (
				3B80C3951E831B6300D905FE /* App.framework in Embed Frameworks */,
				9705A1C71CF904A300538489 /* Flutter.framework in Embed Frameworks */,
			);
			name = "Embed Frameworks";
			runOnlyForDeploymentPostprocessing = 0;
		};
/* End PBXCopyFilesBuildPhase section */

/* Begin PBXFileReference section */
		0291630783B7CDDFABAA0A2F /* libPods-Runner.a */ = {isa = PBXFileReference; explicitFileType = archive.ar; includeInIndex = 0; path = "libPods-Runner.a"; sourceTree = BUILT_PRODUCTS_DIR; };
		1498D2321E8E86230040F4C2 /* GeneratedPluginRegistrant.h */ = {isa = PBXFileReference; lastKnownFileType = sourcecode.c.h; path = GeneratedPluginRegistrant.h; sourceTree = "<group>"; };
		1498D2331E8E89220040F4C2 /* GeneratedPluginRegistrant.m */ = {isa = PBXFileReference; fileEncoding = 4; lastKnownFileType = sourcecode.c.objc; path = GeneratedPluginRegistrant.m; sourceTree = "<group>"; };
		362EC8FBEC8CE92EF412EDFA /* Pods-Runner.debug.xcconfig */ = {isa = PBXFileReference; includeInIndex = 1; lastKnownFileType = text.xcconfig; name = "Pods-Runner.debug.xcconfig"; path = "Target Support Files/Pods-Runner/Pods-Runner.debug.xcconfig"; sourceTree = "<group>"; };
		3B3967151E833CAA004F5970 /* AppFrameworkInfo.plist */ = {isa = PBXFileReference; fileEncoding = 4; lastKnownFileType = text.plist.xml; name = AppFrameworkInfo.plist; path = Flutter/AppFrameworkInfo.plist; sourceTree = "<group>"; };
		3B80C3931E831B6300D905FE /* App.framework */ = {isa = PBXFileReference; lastKnownFileType = wrapper.framework; name = App.framework; path = Flutter/App.framework; sourceTree = "<group>"; };
		6D2A3B4F4267678D215C8FA5 /* Pods-Runner.profile.xcconfig */ = {isa = PBXFileReference; includeInIndex = 1; lastKnownFileType = text.xcconfig; name = "Pods-Runner.profile.xcconfig"; path = "Target Support Files/Pods-Runner/Pods-Runner.profile.xcconfig"; sourceTree = "<group>"; };
		7AFA3C8E1D35360C0083082E /* Release.xcconfig */ = {isa = PBXFileReference; lastKnownFileType = text.xcconfig; name = Release.xcconfig; path = Flutter/Release.xcconfig; sourceTree = "<group>"; };
		7AFFD8ED1D35381100E5BB4D /* AppDelegate.h */ = {isa = PBXFileReference; fileEncoding = 4; lastKnownFileType = sourcecode.c.h; path = AppDelegate.h; sourceTree = "<group>"; };
		7AFFD8EE1D35381100E5BB4D /* AppDelegate.m */ = {isa = PBXFileReference; fileEncoding = 4; lastKnownFileType = sourcecode.c.objc; path = AppDelegate.m; sourceTree = "<group>"; };
		8BD87922CD0BA9F1FC4C3D71 /* Pods-Runner.release.xcconfig */ = {isa = PBXFileReference; includeInIndex = 1; lastKnownFileType = text.xcconfig; name = "Pods-Runner.release.xcconfig"; path = "Target Support Files/Pods-Runner/Pods-Runner.release.xcconfig"; sourceTree = "<group>"; };
		9740EEB21CF90195004384FC /* Debug.xcconfig */ = {isa = PBXFileReference; fileEncoding = 4; lastKnownFileType = text.xcconfig; name = Debug.xcconfig; path = Flutter/Debug.xcconfig; sourceTree = "<group>"; };
		9740EEB31CF90195004384FC /* Generated.xcconfig */ = {isa = PBXFileReference; fileEncoding = 4; lastKnownFileType = text.xcconfig; name = Generated.xcconfig; path = Flutter/Generated.xcconfig; sourceTree = "<group>"; };
		9740EEBA1CF902C7004384FC /* Flutter.framework */ = {isa = PBXFileReference; lastKnownFileType = wrapper.framework; name = Flutter.framework; path = Flutter/Flutter.framework; sourceTree = "<group>"; };
		97C146EE1CF9000F007C117D /* Runner.app */ = {isa = PBXFileReference; explicitFileType = wrapper.application; includeInIndex = 0; path = Runner.app; sourceTree = BUILT_PRODUCTS_DIR; };
		97C146F21CF9000F007C117D /* main.m */ = {isa = PBXFileReference; lastKnownFileType = sourcecode.c.objc; path = main.m; sourceTree = "<group>"; };
		97C146FB1CF9000F007C117D /* Base */ = {isa = PBXFileReference; lastKnownFileType = file.storyboard; name = Base; path = Base.lproj/Main.storyboard; sourceTree = "<group>"; };
		97C146FD1CF9000F007C117D /* Assets.xcassets */ = {isa = PBXFileReference; lastKnownFileType = folder.assetcatalog; path = Assets.xcassets; sourceTree = "<group>"; };
		97C147001CF9000F007C117D /* Base */ = {isa = PBXFileReference; lastKnownFileType = file.storyboard; name = Base; path = Base.lproj/LaunchScreen.storyboard; sourceTree = "<group>"; };
		97C147021CF9000F007C117D /* Info.plist */ = {isa = PBXFileReference; lastKnownFileType = text.plist.xml; path = Info.plist; sourceTree = "<group>"; };
		EF071BFE232634F8007E5D9B /* CJNavigationViewController.h */ = {isa = PBXFileReference; lastKnownFileType = sourcecode.c.h; path = CJNavigationViewController.h; sourceTree = "<group>"; };
		EF071BFF232634F8007E5D9B /* CJNavigationViewController.m */ = {isa = PBXFileReference; lastKnownFileType = sourcecode.c.objc; path = CJNavigationViewController.m; sourceTree = "<group>"; };
		EF11BE5922FABBD600CAD319 /* CJFlutterViewController.h */ = {isa = PBXFileReference; fileEncoding = 4; lastKnownFileType = sourcecode.c.h; path = CJFlutterViewController.h; sourceTree = "<group>"; };
		EF11BE6222FABBD600CAD319 /* CJFlutterViewController.m */ = {isa = PBXFileReference; fileEncoding = 4; lastKnownFileType = sourcecode.c.objc; path = CJFlutterViewController.m; sourceTree = "<group>"; };
		EF11BE6322FABBD600CAD319 /* PrefixHeader.pch */ = {isa = PBXFileReference; fileEncoding = 4; lastKnownFileType = sourcecode.c.h; path = PrefixHeader.pch; sourceTree = "<group>"; };
		EF11BE6D22FABBFC00CAD319 /* CJUtilBridge.h */ = {isa = PBXFileReference; fileEncoding = 4; lastKnownFileType = sourcecode.c.h; path = CJUtilBridge.h; sourceTree = "<group>"; };
		EF11BE6F22FABBFC00CAD319 /* CJUtilBridge.m */ = {isa = PBXFileReference; fileEncoding = 4; lastKnownFileType = sourcecode.c.objc; path = CJUtilBridge.m; sourceTree = "<group>"; };
		EF11BE7722FAC65300CAD319 /* CJSessionListViewController.h */ = {isa = PBXFileReference; lastKnownFileType = sourcecode.c.h; path = CJSessionListViewController.h; sourceTree = "<group>"; };
		EF11BE7822FAC65300CAD319 /* CJSessionListViewController.m */ = {isa = PBXFileReference; lastKnownFileType = sourcecode.c.objc; path = CJSessionListViewController.m; sourceTree = "<group>"; };
		EF11BE7A22FAC74300CAD319 /* CJContactsViewController.h */ = {isa = PBXFileReference; lastKnownFileType = sourcecode.c.h; path = CJContactsViewController.h; sourceTree = "<group>"; };
		EF11BE7B22FAC74300CAD319 /* CJContactsViewController.m */ = {isa = PBXFileReference; lastKnownFileType = sourcecode.c.objc; path = CJContactsViewController.m; sourceTree = "<group>"; };
		EF1422ED23055BF500AEAA55 /* CJMineViewController.h */ = {isa = PBXFileReference; lastKnownFileType = sourcecode.c.h; path = CJMineViewController.h; sourceTree = "<group>"; };
		EF1422EE23055BF500AEAA55 /* CJMineViewController.m */ = {isa = PBXFileReference; lastKnownFileType = sourcecode.c.objc; path = CJMineViewController.m; sourceTree = "<group>"; };
		EF42BB4B2385316200DAA191 /* CJTabbarController.h */ = {isa = PBXFileReference; lastKnownFileType = sourcecode.c.h; path = CJTabbarController.h; sourceTree = "<group>"; };
		EF42BB4C2385316200DAA191 /* CJTabbarController.m */ = {isa = PBXFileReference; lastKnownFileType = sourcecode.c.objc; path = CJTabbarController.m; sourceTree = "<group>"; };
		EF53F6E023A754F3004EB4B4 /* Runner.entitlements */ = {isa = PBXFileReference; lastKnownFileType = text.plist.entitlements; path = Runner.entitlements; sourceTree = "<group>"; };
		EF53F6E623A8762A004EB4B4 /* CJNewFriendViewController.h */ = {isa = PBXFileReference; lastKnownFileType = sourcecode.c.h; path = CJNewFriendViewController.h; sourceTree = "<group>"; };
		EF53F6E723A8762A004EB4B4 /* CJNewFriendViewController.m */ = {isa = PBXFileReference; lastKnownFileType = sourcecode.c.objc; path = CJNewFriendViewController.m; sourceTree = "<group>"; };
		EF5FD2D12399E9D6006A664D /* libz.tbd */ = {isa = PBXFileReference; lastKnownFileType = "sourcecode.text-based-dylib-definition"; name = libz.tbd; path = usr/lib/libz.tbd; sourceTree = SDKROOT; };
		EF6C552B237AAC8600EE1E35 /* PlatformRouterImp.h */ = {isa = PBXFileReference; fileEncoding = 4; lastKnownFileType = sourcecode.c.h; path = PlatformRouterImp.h; sourceTree = "<group>"; };
		EF6C552C237AAC8600EE1E35 /* PlatformRouterImp.m */ = {isa = PBXFileReference; fileEncoding = 4; lastKnownFileType = sourcecode.c.objc; path = PlatformRouterImp.m; sourceTree = "<group>"; };
		EF6C552E237BDAB200EE1E35 /* CJLoginViewController.h */ = {isa = PBXFileReference; lastKnownFileType = sourcecode.c.h; path = CJLoginViewController.h; sourceTree = "<group>"; };
		EF6C552F237BDAB200EE1E35 /* CJLoginViewController.m */ = {isa = PBXFileReference; lastKnownFileType = sourcecode.c.objc; path = CJLoginViewController.m; sourceTree = "<group>"; };
		EF8A41072334AF7D00AF697E /* CJSessionViewController.h */ = {isa = PBXFileReference; lastKnownFileType = sourcecode.c.h; path = CJSessionViewController.h; sourceTree = "<group>"; };
		EF8A41082334AF7D00AF697E /* CJSessionViewController.m */ = {isa = PBXFileReference; lastKnownFileType = sourcecode.c.objc; path = CJSessionViewController.m; sourceTree = "<group>"; };
		EF8A410E2334BEC100AF697E /* CJMoreContainerConfig.h */ = {isa = PBXFileReference; lastKnownFileType = sourcecode.c.h; path = CJMoreContainerConfig.h; sourceTree = "<group>"; };
		EF8A410F2334BEC100AF697E /* CJMoreContainerConfig.m */ = {isa = PBXFileReference; lastKnownFileType = sourcecode.c.objc; path = CJMoreContainerConfig.m; sourceTree = "<group>"; };
		EF8A41132334D60E00AF697E /* CJPayManager.h */ = {isa = PBXFileReference; lastKnownFileType = sourcecode.c.h; path = CJPayManager.h; sourceTree = "<group>"; };
		EF8A41142334D60E00AF697E /* CJPayManager.m */ = {isa = PBXFileReference; lastKnownFileType = sourcecode.c.objc; path = CJPayManager.m; sourceTree = "<group>"; };
		EF8A411823386D0300AF697E /* CJCustomAttachmentDecoder.h */ = {isa = PBXFileReference; lastKnownFileType = sourcecode.c.h; path = CJCustomAttachmentDecoder.h; sourceTree = "<group>"; };
		EF8A411923386D0300AF697E /* CJCustomAttachmentDecoder.m */ = {isa = PBXFileReference; lastKnownFileType = sourcecode.c.objc; path = CJCustomAttachmentDecoder.m; sourceTree = "<group>"; };
		EF8A411D23386E7000AF697E /* YXInterface.h */ = {isa = PBXFileReference; fileEncoding = 4; lastKnownFileType = sourcecode.c.h; path = YXInterface.h; sourceTree = "<group>"; };
		EF8A411E23386E7000AF697E /* Res.bundle */ = {isa = PBXFileReference; lastKnownFileType = "wrapper.plug-in"; path = Res.bundle; sourceTree = "<group>"; };
		EF8A412023386E7000AF697E /* YXInterface.m */ = {isa = PBXFileReference; fileEncoding = 4; lastKnownFileType = sourcecode.c.objc; path = YXInterface.m; sourceTree = "<group>"; };
		EF8A41242338713E00AF697E /* CJCustomAttachmentDefines.h */ = {isa = PBXFileReference; lastKnownFileType = sourcecode.c.h; path = CJCustomAttachmentDefines.h; sourceTree = "<group>"; };
		EF8A41282338733700AF697E /* CJSessionCustomContentConfig.h */ = {isa = PBXFileReference; lastKnownFileType = sourcecode.c.h; path = CJSessionCustomContentConfig.h; sourceTree = "<group>"; };
		EF8A41292338733700AF697E /* CJSessionCustomContentConfig.m */ = {isa = PBXFileReference; lastKnownFileType = sourcecode.c.objc; path = CJSessionCustomContentConfig.m; sourceTree = "<group>"; };
		EF8A412C2338754900AF697E /* CJCellLayoutConfig.h */ = {isa = PBXFileReference; lastKnownFileType = sourcecode.c.h; path = CJCellLayoutConfig.h; sourceTree = "<group>"; };
		EF8A412D2338754900AF697E /* CJCellLayoutConfig.m */ = {isa = PBXFileReference; lastKnownFileType = sourcecode.c.objc; path = CJCellLayoutConfig.m; sourceTree = "<group>"; };
		EF8A412F23389A9100AF697E /* CJYeePayRedPacketAtachment.h */ = {isa = PBXFileReference; lastKnownFileType = sourcecode.c.h; path = CJYeePayRedPacketAtachment.h; sourceTree = "<group>"; };
		EF8A413023389A9100AF697E /* CJYeePayRedPacketAtachment.m */ = {isa = PBXFileReference; lastKnownFileType = sourcecode.c.objc; path = CJYeePayRedPacketAtachment.m; sourceTree = "<group>"; };
		EF8A413223389DAC00AF697E /* CJYeeRedPacketContentView.h */ = {isa = PBXFileReference; lastKnownFileType = sourcecode.c.h; path = CJYeeRedPacketContentView.h; sourceTree = "<group>"; };
		EF8A413323389DAC00AF697E /* CJYeeRedPacketContentView.m */ = {isa = PBXFileReference; lastKnownFileType = sourcecode.c.objc; path = CJYeeRedPacketContentView.m; sourceTree = "<group>"; };
		EF8A41362338B01500AF697E /* CJNotificationCenter.h */ = {isa = PBXFileReference; lastKnownFileType = sourcecode.c.h; path = CJNotificationCenter.h; sourceTree = "<group>"; };
		EF8A41372338B01500AF697E /* CJNotificationCenter.m */ = {isa = PBXFileReference; lastKnownFileType = sourcecode.c.objc; path = CJNotificationCenter.m; sourceTree = "<group>"; };
		EF8A413C2338B23400AF697E /* NTESAVNotifier.m */ = {isa = PBXFileReference; fileEncoding = 4; lastKnownFileType = sourcecode.c.objc; path = NTESAVNotifier.m; sourceTree = "<group>"; };
		EF8A413D2338B23400AF697E /* NTESAVNotifier.h */ = {isa = PBXFileReference; fileEncoding = 4; lastKnownFileType = sourcecode.c.h; path = NTESAVNotifier.h; sourceTree = "<group>"; };
		EF8A413F2338B4F200AF697E /* NTESSessionUtil.m */ = {isa = PBXFileReference; fileEncoding = 4; lastKnownFileType = sourcecode.c.objc; path = NTESSessionUtil.m; sourceTree = "<group>"; };
		EF8A41402338B4F200AF697E /* NTESSessionUtil.h */ = {isa = PBXFileReference; fileEncoding = 4; lastKnownFileType = sourcecode.c.h; path = NTESSessionUtil.h; sourceTree = "<group>"; };
		EF8A41452338BFB900AF697E /* NTESGlobalMacro.h */ = {isa = PBXFileReference; fileEncoding = 4; lastKnownFileType = sourcecode.c.h; path = NTESGlobalMacro.h; sourceTree = "<group>"; };
		EF8A41472338C03000AF697E /* video_connect_chat_tip_sender.aac */ = {isa = PBXFileReference; lastKnownFileType = file; path = video_connect_chat_tip_sender.aac; sourceTree = "<group>"; };
		EF8A41482338C03000AF697E /* video_chat_tip_OnCall.aac */ = {isa = PBXFileReference; lastKnownFileType = file; path = video_chat_tip_OnCall.aac; sourceTree = "<group>"; };
		EF8A41492338C03000AF697E /* video_chat_tip_sender.aac */ = {isa = PBXFileReference; lastKnownFileType = file; path = video_chat_tip_sender.aac; sourceTree = "<group>"; };
		EF8A414A2338C03000AF697E /* video_chat_tip_HangUp.aac */ = {isa = PBXFileReference; lastKnownFileType = file; path = video_chat_tip_HangUp.aac; sourceTree = "<group>"; };
		EF8A414B2338C03000AF697E /* message.wav */ = {isa = PBXFileReference; lastKnownFileType = audio.wav; path = message.wav; sourceTree = "<group>"; };
		EF8A414C2338C03000AF697E /* video_chat_tip_receiver.aac */ = {isa = PBXFileReference; lastKnownFileType = file; path = video_chat_tip_receiver.aac; sourceTree = "<group>"; };
		EF8A414D2338C03000AF697E /* video_chat_tip_onTimer.aac */ = {isa = PBXFileReference; lastKnownFileType = file; path = video_chat_tip_onTimer.aac; sourceTree = "<group>"; };
		EF8A414E2338C03000AF697E /* video_chat_push.mp3 */ = {isa = PBXFileReference; lastKnownFileType = audio.mp3; path = video_chat_push.mp3; sourceTree = "<group>"; };
		EF8A41602339AAFA00AF697E /* CJCustomAttachmentDefines.m */ = {isa = PBXFileReference; fileEncoding = 4; lastKnownFileType = sourcecode.c.objc; path = CJCustomAttachmentDefines.m; sourceTree = "<group>"; };
		EF9C904723AB29C500081F82 /* CJScanViewController.h */ = {isa = PBXFileReference; fileEncoding = 4; lastKnownFileType = sourcecode.c.h; path = CJScanViewController.h; sourceTree = "<group>"; };
		EF9C904823AB29C500081F82 /* CJScanViewController.m */ = {isa = PBXFileReference; fileEncoding = 4; lastKnownFileType = sourcecode.c.objc; path = CJScanViewController.m; sourceTree = "<group>"; };
		EF9C905223AB617800081F82 /* CJMFRedPacketAttachment.h */ = {isa = PBXFileReference; lastKnownFileType = sourcecode.c.h; path = CJMFRedPacketAttachment.h; sourceTree = "<group>"; };
		EF9C905323AB617800081F82 /* CJMFRedPacketAttachment.m */ = {isa = PBXFileReference; lastKnownFileType = sourcecode.c.objc; path = CJMFRedPacketAttachment.m; sourceTree = "<group>"; };
		EF9C905523AB618500081F82 /* CJMFRedPacketTipAttachment.h */ = {isa = PBXFileReference; lastKnownFileType = sourcecode.c.h; path = CJMFRedPacketTipAttachment.h; sourceTree = "<group>"; };
		EF9C905623AB618500081F82 /* CJMFRedPacketTipAttachment.m */ = {isa = PBXFileReference; lastKnownFileType = sourcecode.c.objc; path = CJMFRedPacketTipAttachment.m; sourceTree = "<group>"; };
		EF9C905823AB61A500081F82 /* CJMFRedPacketContentView.h */ = {isa = PBXFileReference; lastKnownFileType = sourcecode.c.h; path = CJMFRedPacketContentView.h; sourceTree = "<group>"; };
		EF9C905923AB61A500081F82 /* CJMFRedPacketContentView.m */ = {isa = PBXFileReference; lastKnownFileType = sourcecode.c.objc; path = CJMFRedPacketContentView.m; sourceTree = "<group>"; };
		EF9C905B23AB61C700081F82 /* CJMFRedPacketTipContentView.h */ = {isa = PBXFileReference; lastKnownFileType = sourcecode.c.h; path = CJMFRedPacketTipContentView.h; sourceTree = "<group>"; };
		EF9C905C23AB61C700081F82 /* CJMFRedPacketTipContentView.m */ = {isa = PBXFileReference; lastKnownFileType = sourcecode.c.objc; path = CJMFRedPacketTipContentView.m; sourceTree = "<group>"; };
		EF9C906A23AB6A3B00081F82 /* CJCloudRedPacketAttachment.h */ = {isa = PBXFileReference; fileEncoding = 4; lastKnownFileType = sourcecode.c.h; path = CJCloudRedPacketAttachment.h; sourceTree = "<group>"; };
		EF9C906B23AB6A3B00081F82 /* CJCloudRedPacketAttachment.m */ = {isa = PBXFileReference; fileEncoding = 4; lastKnownFileType = sourcecode.c.objc; path = CJCloudRedPacketAttachment.m; sourceTree = "<group>"; };
		EF9C906C23AB6A3B00081F82 /* CJCloudRedPacketTipAttachment.h */ = {isa = PBXFileReference; fileEncoding = 4; lastKnownFileType = sourcecode.c.h; path = CJCloudRedPacketTipAttachment.h; sourceTree = "<group>"; };
		EF9C906D23AB6A3B00081F82 /* CJCloudRedPacketTipAttachment.m */ = {isa = PBXFileReference; fileEncoding = 4; lastKnownFileType = sourcecode.c.objc; path = CJCloudRedPacketTipAttachment.m; sourceTree = "<group>"; };
		EF9C907023AB6A4400081F82 /* CJCloudRedPacketContentView.m */ = {isa = PBXFileReference; fileEncoding = 4; lastKnownFileType = sourcecode.c.objc; path = CJCloudRedPacketContentView.m; sourceTree = "<group>"; };
		EF9C907123AB6A4400081F82 /* CJCloudRedPacketContentView.h */ = {isa = PBXFileReference; fileEncoding = 4; lastKnownFileType = sourcecode.c.h; path = CJCloudRedPacketContentView.h; sourceTree = "<group>"; };
		EF9C907223AB6A4400081F82 /* CJCloudRedPacketTipContentView.m */ = {isa = PBXFileReference; fileEncoding = 4; lastKnownFileType = sourcecode.c.objc; path = CJCloudRedPacketTipContentView.m; sourceTree = "<group>"; };
		EF9C907323AB6A4400081F82 /* CJCloudRedPacketTipContentView.h */ = {isa = PBXFileReference; fileEncoding = 4; lastKnownFileType = sourcecode.c.h; path = CJCloudRedPacketTipContentView.h; sourceTree = "<group>"; };
		EF9C907723AB707300081F82 /* MFWalletKit.framework */ = {isa = PBXFileReference; lastKnownFileType = wrapper.framework; path = MFWalletKit.framework; sourceTree = "<group>"; };
		EF9C907823AB707300081F82 /* jrmf_p.cer */ = {isa = PBXFileReference; lastKnownFileType = file; path = jrmf_p.cer; sourceTree = "<group>"; };
		EF9C907923AB707300081F82 /* WalletResource.bundle */ = {isa = PBXFileReference; lastKnownFileType = "wrapper.plug-in"; path = WalletResource.bundle; sourceTree = "<group>"; };
		EF9C907A23AB707300081F82 /* JRMFSington.m */ = {isa = PBXFileReference; fileEncoding = 4; lastKnownFileType = sourcecode.c.objc; path = JRMFSington.m; sourceTree = "<group>"; };
		EF9C907B23AB707300081F82 /* JrmfPacketKit.framework */ = {isa = PBXFileReference; lastKnownFileType = wrapper.framework; path = JrmfPacketKit.framework; sourceTree = "<group>"; };
		EF9C907C23AB707300081F82 /* jrmf_o.cer */ = {isa = PBXFileReference; lastKnownFileType = file; path = jrmf_o.cer; sourceTree = "<group>"; };
		EF9C907D23AB707300081F82 /* jrmf_n.cer */ = {isa = PBXFileReference; lastKnownFileType = file; path = jrmf_n.cer; sourceTree = "<group>"; };
		EF9C907E23AB707300081F82 /* MFRedPacketKit.framework */ = {isa = PBXFileReference; lastKnownFileType = wrapper.framework; path = MFRedPacketKit.framework; sourceTree = "<group>"; };
		EF9C907F23AB707300081F82 /* JYangToolKit.framework */ = {isa = PBXFileReference; lastKnownFileType = wrapper.framework; path = JYangToolKit.framework; sourceTree = "<group>"; };
		EF9C908023AB707300081F82 /* JRMFHeader.h */ = {isa = PBXFileReference; fileEncoding = 4; lastKnownFileType = sourcecode.c.h; path = JRMFHeader.h; sourceTree = "<group>"; };
		EF9C908123AB707300081F82 /* JrmfWalletKit.framework */ = {isa = PBXFileReference; lastKnownFileType = wrapper.framework; path = JrmfWalletKit.framework; sourceTree = "<group>"; };
		EF9C908223AB707300081F82 /* JRMFSington.h */ = {isa = PBXFileReference; fileEncoding = 4; lastKnownFileType = sourcecode.c.h; path = JRMFSington.h; sourceTree = "<group>"; };
		EF9C908323AB707300081F82 /* JResource.bundle */ = {isa = PBXFileReference; lastKnownFileType = "wrapper.plug-in"; path = JResource.bundle; sourceTree = "<group>"; };
		EFD25933233B6E4E00E78DB6 /* YouXiPayUISDK.framework */ = {isa = PBXFileReference; lastKnownFileType = wrapper.framework; path = YouXiPayUISDK.framework; sourceTree = "<group>"; };
		EFD25937233C977400E78DB6 /* CJYeePayRedPacketTipAttachment.h */ = {isa = PBXFileReference; lastKnownFileType = sourcecode.c.h; path = CJYeePayRedPacketTipAttachment.h; sourceTree = "<group>"; };
		EFD25938233C977400E78DB6 /* CJYeePayRedPacketTipAttachment.m */ = {isa = PBXFileReference; lastKnownFileType = sourcecode.c.objc; path = CJYeePayRedPacketTipAttachment.m; sourceTree = "<group>"; };
		EFD2593A233C9A7B00E78DB6 /* CJYeeRedPacketTipContentView.h */ = {isa = PBXFileReference; lastKnownFileType = sourcecode.c.h; path = CJYeeRedPacketTipContentView.h; sourceTree = "<group>"; };
		EFD2593B233C9A7B00E78DB6 /* CJYeeRedPacketTipContentView.m */ = {isa = PBXFileReference; lastKnownFileType = sourcecode.c.objc; path = CJYeeRedPacketTipContentView.m; sourceTree = "<group>"; };
/* End PBXFileReference section */

/* Begin PBXFrameworksBuildPhase section */
		97C146EB1CF9000F007C117D /* Frameworks */ = {
			isa = PBXFrameworksBuildPhase;
			buildActionMask = 2147483647;
			files = (
				EF5FD2D22399E9D6006A664D /* libz.tbd in Frameworks */,
				EF9C908D23AB707400081F82 /* JrmfWalletKit.framework in Frameworks */,
				9705A1C61CF904A100538489 /* Flutter.framework in Frameworks */,
				EF9C908B23AB707400081F82 /* MFRedPacketKit.framework in Frameworks */,
				3B80C3941E831B6300D905FE /* App.framework in Frameworks */,
				61F3DCBE914A0DC334E3167B /* libPods-Runner.a in Frameworks */,
				EF9C908C23AB707400081F82 /* JYangToolKit.framework in Frameworks */,
				EFD25934233B6E4E00E78DB6 /* YouXiPayUISDK.framework in Frameworks */,
				EF9C908423AB707400081F82 /* MFWalletKit.framework in Frameworks */,
				EF9C908823AB707400081F82 /* JrmfPacketKit.framework in Frameworks */,
			);
			runOnlyForDeploymentPostprocessing = 0;
		};
/* End PBXFrameworksBuildPhase section */

/* Begin PBXGroup section */
		6A06D3068A69A56858246377 /* Pods */ = {
			isa = PBXGroup;
			children = (
				362EC8FBEC8CE92EF412EDFA /* Pods-Runner.debug.xcconfig */,
				8BD87922CD0BA9F1FC4C3D71 /* Pods-Runner.release.xcconfig */,
				6D2A3B4F4267678D215C8FA5 /* Pods-Runner.profile.xcconfig */,
			);
			path = Pods;
			sourceTree = "<group>";
		};
		8678AA9EE0AD431CEC58EA35 /* Frameworks */ = {
			isa = PBXGroup;
			children = (
				EF5FD2D12399E9D6006A664D /* libz.tbd */,
				0291630783B7CDDFABAA0A2F /* libPods-Runner.a */,
			);
			name = Frameworks;
			sourceTree = "<group>";
		};
		9740EEB11CF90186004384FC /* Flutter */ = {
			isa = PBXGroup;
			children = (
				3B80C3931E831B6300D905FE /* App.framework */,
				3B3967151E833CAA004F5970 /* AppFrameworkInfo.plist */,
				9740EEBA1CF902C7004384FC /* Flutter.framework */,
				9740EEB21CF90195004384FC /* Debug.xcconfig */,
				7AFA3C8E1D35360C0083082E /* Release.xcconfig */,
				9740EEB31CF90195004384FC /* Generated.xcconfig */,
			);
			name = Flutter;
			sourceTree = "<group>";
		};
		97C146E51CF9000F007C117D = {
			isa = PBXGroup;
			children = (
				9740EEB11CF90186004384FC /* Flutter */,
				97C146F01CF9000F007C117D /* Runner */,
				97C146EF1CF9000F007C117D /* Products */,
				6A06D3068A69A56858246377 /* Pods */,
				8678AA9EE0AD431CEC58EA35 /* Frameworks */,
			);
			sourceTree = "<group>";
		};
		97C146EF1CF9000F007C117D /* Products */ = {
			isa = PBXGroup;
			children = (
				97C146EE1CF9000F007C117D /* Runner.app */,
			);
			name = Products;
			sourceTree = "<group>";
		};
		97C146F01CF9000F007C117D /* Runner */ = {
			isa = PBXGroup;
			children = (
				EF53F6E023A754F3004EB4B4 /* Runner.entitlements */,
				EF8A411B23386E7000AF697E /* Vendor */,
				EF11BE7622FAC61D00CAD319 /* Mine */,
				EF11BE7522FAC61600CAD319 /* Contacts */,
				EF11BE7422FAC60800CAD319 /* Session */,
				EF11BE6C22FABBFC00CAD319 /* Hybrid */,
				EF11BE5422FABBD600CAD319 /* Base */,
				EF11BE4E22FABACE00CAD319 /* Login */,
				7AFFD8ED1D35381100E5BB4D /* AppDelegate.h */,
				7AFFD8EE1D35381100E5BB4D /* AppDelegate.m */,
				97C146FA1CF9000F007C117D /* Main.storyboard */,
				97C146FD1CF9000F007C117D /* Assets.xcassets */,
				97C146FF1CF9000F007C117D /* LaunchScreen.storyboard */,
				97C147021CF9000F007C117D /* Info.plist */,
				97C146F11CF9000F007C117D /* Supporting Files */,
				1498D2321E8E86230040F4C2 /* GeneratedPluginRegistrant.h */,
				1498D2331E8E89220040F4C2 /* GeneratedPluginRegistrant.m */,
			);
			path = Runner;
			sourceTree = "<group>";
		};
		97C146F11CF9000F007C117D /* Supporting Files */ = {
			isa = PBXGroup;
			children = (
				EF8A41462338C03000AF697E /* Sounds */,
				97C146F21CF9000F007C117D /* main.m */,
			);
			name = "Supporting Files";
			sourceTree = "<group>";
		};
		EF11BE4E22FABACE00CAD319 /* Login */ = {
			isa = PBXGroup;
			children = (
				EF6C552E237BDAB200EE1E35 /* CJLoginViewController.h */,
				EF6C552F237BDAB200EE1E35 /* CJLoginViewController.m */,
			);
			path = Login;
			sourceTree = "<group>";
		};
		EF11BE5422FABBD600CAD319 /* Base */ = {
			isa = PBXGroup;
			children = (
				EF6C552B237AAC8600EE1E35 /* PlatformRouterImp.h */,
				EF6C552C237AAC8600EE1E35 /* PlatformRouterImp.m */,
				EF11BE5922FABBD600CAD319 /* CJFlutterViewController.h */,
				EF11BE6222FABBD600CAD319 /* CJFlutterViewController.m */,
				EF11BE6322FABBD600CAD319 /* PrefixHeader.pch */,
				EF071BFE232634F8007E5D9B /* CJNavigationViewController.h */,
				EF071BFF232634F8007E5D9B /* CJNavigationViewController.m */,
				EF42BB4B2385316200DAA191 /* CJTabbarController.h */,
				EF42BB4C2385316200DAA191 /* CJTabbarController.m */,
			);
			path = Base;
			sourceTree = "<group>";
		};
		EF11BE6C22FABBFC00CAD319 /* Hybrid */ = {
			isa = PBXGroup;
			children = (
				EF11BE6D22FABBFC00CAD319 /* CJUtilBridge.h */,
				EF11BE6F22FABBFC00CAD319 /* CJUtilBridge.m */,
			);
			path = Hybrid;
			sourceTree = "<group>";
		};
		EF11BE7422FAC60800CAD319 /* Session */ = {
			isa = PBXGroup;
			children = (
				EF8A413A2338B23400AF697E /* NTES */,
				EF8A41352338AFFA00AF697E /* Util */,
				EF8A40FB2334A44000AF697E /* SessionViewController */,
				EF11BE7722FAC65300CAD319 /* CJSessionListViewController.h */,
				EF11BE7822FAC65300CAD319 /* CJSessionListViewController.m */,
			);
			path = Session;
			sourceTree = "<group>";
		};
		EF11BE7522FAC61600CAD319 /* Contacts */ = {
			isa = PBXGroup;
			children = (
				EF11BE7A22FAC74300CAD319 /* CJContactsViewController.h */,
				EF11BE7B22FAC74300CAD319 /* CJContactsViewController.m */,
				EF53F6E623A8762A004EB4B4 /* CJNewFriendViewController.h */,
				EF53F6E723A8762A004EB4B4 /* CJNewFriendViewController.m */,
			);
			path = Contacts;
			sourceTree = "<group>";
		};
		EF11BE7622FAC61D00CAD319 /* Mine */ = {
			isa = PBXGroup;
			children = (
				EF9C904723AB29C500081F82 /* CJScanViewController.h */,
				EF9C904823AB29C500081F82 /* CJScanViewController.m */,
				EF1422ED23055BF500AEAA55 /* CJMineViewController.h */,
				EF1422EE23055BF500AEAA55 /* CJMineViewController.m */,
			);
			path = Mine;
			sourceTree = "<group>";
		};
		EF8A40FB2334A44000AF697E /* SessionViewController */ = {
			isa = PBXGroup;
			children = (
				EF8A4127233872F100AF697E /* Layout */,
				EF8A410A2334BAF100AF697E /* Config */,
				EF8A40FC2334A44000AF697E /* Manager */,
				EF8A40FD2334A44000AF697E /* BubbleCell */,
				EF8A41072334AF7D00AF697E /* CJSessionViewController.h */,
				EF8A41082334AF7D00AF697E /* CJSessionViewController.m */,
			);
			path = SessionViewController;
			sourceTree = "<group>";
		};
		EF8A40FC2334A44000AF697E /* Manager */ = {
			isa = PBXGroup;
			children = (
				EF8A41132334D60E00AF697E /* CJPayManager.h */,
				EF8A41142334D60E00AF697E /* CJPayManager.m */,
			);
			path = Manager;
			sourceTree = "<group>";
		};
		EF8A40FD2334A44000AF697E /* BubbleCell */ = {
			isa = PBXGroup;
			children = (
				EF9C905123AB616300081F82 /* AttachmentModel */,
				EF9C905023AB616300081F82 /* ContentView */,
				EF8A40FE2334A44000AF697E /* CloudPay */,
				EF8A40FF2334A44000AF697E /* YeePay */,
			);
			path = BubbleCell;
			sourceTree = "<group>";
		};
		EF8A40FE2334A44000AF697E /* CloudPay */ = {
			isa = PBXGroup;
			children = (
				EF8A41042334A4AB00AF697E /* Attachment */,
				EF8A41032334A4AB00AF697E /* View */,
			);
			path = CloudPay;
			sourceTree = "<group>";
		};
		EF8A40FF2334A44000AF697E /* YeePay */ = {
			isa = PBXGroup;
			children = (
				EF8A41022334A47300AF697E /* Model */,
				EF8A41012334A47300AF697E /* View */,
			);
			path = YeePay;
			sourceTree = "<group>";
		};
		EF8A41012334A47300AF697E /* View */ = {
			isa = PBXGroup;
			children = (
				EF8A413223389DAC00AF697E /* CJYeeRedPacketContentView.h */,
				EF8A413323389DAC00AF697E /* CJYeeRedPacketContentView.m */,
				EFD2593A233C9A7B00E78DB6 /* CJYeeRedPacketTipContentView.h */,
				EFD2593B233C9A7B00E78DB6 /* CJYeeRedPacketTipContentView.m */,
			);
			path = View;
			sourceTree = "<group>";
		};
		EF8A41022334A47300AF697E /* Model */ = {
			isa = PBXGroup;
			children = (
				EF8A412F23389A9100AF697E /* CJYeePayRedPacketAtachment.h */,
				EF8A413023389A9100AF697E /* CJYeePayRedPacketAtachment.m */,
				EFD25937233C977400E78DB6 /* CJYeePayRedPacketTipAttachment.h */,
				EFD25938233C977400E78DB6 /* CJYeePayRedPacketTipAttachment.m */,
			);
			path = Model;
			sourceTree = "<group>";
		};
		EF8A41032334A4AB00AF697E /* View */ = {
			isa = PBXGroup;
			children = (
				EF9C907123AB6A4400081F82 /* CJCloudRedPacketContentView.h */,
				EF9C907023AB6A4400081F82 /* CJCloudRedPacketContentView.m */,
				EF9C907323AB6A4400081F82 /* CJCloudRedPacketTipContentView.h */,
				EF9C907223AB6A4400081F82 /* CJCloudRedPacketTipContentView.m */,
			);
			path = View;
			sourceTree = "<group>";
		};
		EF8A41042334A4AB00AF697E /* Attachment */ = {
			isa = PBXGroup;
			children = (
				EF9C906A23AB6A3B00081F82 /* CJCloudRedPacketAttachment.h */,
				EF9C906B23AB6A3B00081F82 /* CJCloudRedPacketAttachment.m */,
				EF9C906C23AB6A3B00081F82 /* CJCloudRedPacketTipAttachment.h */,
				EF9C906D23AB6A3B00081F82 /* CJCloudRedPacketTipAttachment.m */,
			);
			path = Attachment;
			sourceTree = "<group>";
		};
		EF8A410A2334BAF100AF697E /* Config */ = {
			isa = PBXGroup;
			children = (
				EF8A410E2334BEC100AF697E /* CJMoreContainerConfig.h */,
				EF8A410F2334BEC100AF697E /* CJMoreContainerConfig.m */,
				EF8A411823386D0300AF697E /* CJCustomAttachmentDecoder.h */,
				EF8A411923386D0300AF697E /* CJCustomAttachmentDecoder.m */,
				EF8A41242338713E00AF697E /* CJCustomAttachmentDefines.h */,
				EF8A41602339AAFA00AF697E /* CJCustomAttachmentDefines.m */,
			);
			path = Config;
			sourceTree = "<group>";
		};
		EF8A411B23386E7000AF697E /* Vendor */ = {
			isa = PBXGroup;
			children = (
				EF9C907623AB707300081F82 /* Jrmf */,
				EF8A411C23386E7000AF697E /* YeePay */,
			);
			path = Vendor;
			sourceTree = "<group>";
		};
		EF8A411C23386E7000AF697E /* YeePay */ = {
			isa = PBXGroup;
			children = (
				EFD25933233B6E4E00E78DB6 /* YouXiPayUISDK.framework */,
				EF8A411D23386E7000AF697E /* YXInterface.h */,
				EF8A412023386E7000AF697E /* YXInterface.m */,
				EF8A411E23386E7000AF697E /* Res.bundle */,
			);
			path = YeePay;
			sourceTree = "<group>";
		};
		EF8A4127233872F100AF697E /* Layout */ = {
			isa = PBXGroup;
			children = (
				EF8A41282338733700AF697E /* CJSessionCustomContentConfig.h */,
				EF8A41292338733700AF697E /* CJSessionCustomContentConfig.m */,
				EF8A412C2338754900AF697E /* CJCellLayoutConfig.h */,
				EF8A412D2338754900AF697E /* CJCellLayoutConfig.m */,
			);
			path = Layout;
			sourceTree = "<group>";
		};
		EF8A41352338AFFA00AF697E /* Util */ = {
			isa = PBXGroup;
			children = (
				EF8A41362338B01500AF697E /* CJNotificationCenter.h */,
				EF8A41372338B01500AF697E /* CJNotificationCenter.m */,
			);
			path = Util;
			sourceTree = "<group>";
		};
		EF8A413A2338B23400AF697E /* NTES */ = {
			isa = PBXGroup;
			children = (
				EF8A41452338BFB900AF697E /* NTESGlobalMacro.h */,
				EF8A41402338B4F200AF697E /* NTESSessionUtil.h */,
				EF8A413F2338B4F200AF697E /* NTESSessionUtil.m */,
				EF8A413C2338B23400AF697E /* NTESAVNotifier.m */,
				EF8A413D2338B23400AF697E /* NTESAVNotifier.h */,
			);
			path = NTES;
			sourceTree = "<group>";
		};
		EF8A41462338C03000AF697E /* Sounds */ = {
			isa = PBXGroup;
			children = (
				EF8A41472338C03000AF697E /* video_connect_chat_tip_sender.aac */,
				EF8A41482338C03000AF697E /* video_chat_tip_OnCall.aac */,
				EF8A41492338C03000AF697E /* video_chat_tip_sender.aac */,
				EF8A414A2338C03000AF697E /* video_chat_tip_HangUp.aac */,
				EF8A414B2338C03000AF697E /* message.wav */,
				EF8A414C2338C03000AF697E /* video_chat_tip_receiver.aac */,
				EF8A414D2338C03000AF697E /* video_chat_tip_onTimer.aac */,
				EF8A414E2338C03000AF697E /* video_chat_push.mp3 */,
			);
			path = Sounds;
			sourceTree = "<group>";
		};
		EF9C905023AB616300081F82 /* ContentView */ = {
			isa = PBXGroup;
			children = (
				EF9C905823AB61A500081F82 /* CJMFRedPacketContentView.h */,
				EF9C905923AB61A500081F82 /* CJMFRedPacketContentView.m */,
				EF9C905B23AB61C700081F82 /* CJMFRedPacketTipContentView.h */,
				EF9C905C23AB61C700081F82 /* CJMFRedPacketTipContentView.m */,
			);
			path = ContentView;
			sourceTree = "<group>";
		};
		EF9C905123AB616300081F82 /* AttachmentModel */ = {
			isa = PBXGroup;
			children = (
				EF9C905223AB617800081F82 /* CJMFRedPacketAttachment.h */,
				EF9C905323AB617800081F82 /* CJMFRedPacketAttachment.m */,
				EF9C905523AB618500081F82 /* CJMFRedPacketTipAttachment.h */,
				EF9C905623AB618500081F82 /* CJMFRedPacketTipAttachment.m */,
			);
			path = AttachmentModel;
			sourceTree = "<group>";
		};
		EF9C907623AB707300081F82 /* Jrmf */ = {
			isa = PBXGroup;
			children = (
				EF9C907723AB707300081F82 /* MFWalletKit.framework */,
				EF9C907823AB707300081F82 /* jrmf_p.cer */,
				EF9C907923AB707300081F82 /* WalletResource.bundle */,
				EF9C907A23AB707300081F82 /* JRMFSington.m */,
				EF9C907B23AB707300081F82 /* JrmfPacketKit.framework */,
				EF9C907C23AB707300081F82 /* jrmf_o.cer */,
				EF9C907D23AB707300081F82 /* jrmf_n.cer */,
				EF9C907E23AB707300081F82 /* MFRedPacketKit.framework */,
				EF9C907F23AB707300081F82 /* JYangToolKit.framework */,
				EF9C908023AB707300081F82 /* JRMFHeader.h */,
				EF9C908123AB707300081F82 /* JrmfWalletKit.framework */,
				EF9C908223AB707300081F82 /* JRMFSington.h */,
				EF9C908323AB707300081F82 /* JResource.bundle */,
			);
			path = Jrmf;
			sourceTree = "<group>";
		};
/* End PBXGroup section */

/* Begin PBXNativeTarget section */
		97C146ED1CF9000F007C117D /* Runner */ = {
			isa = PBXNativeTarget;
			buildConfigurationList = 97C147051CF9000F007C117D /* Build configuration list for PBXNativeTarget "Runner" */;
			buildPhases = (
				A0520A0B3C8F1519E215C523 /* [CP] Check Pods Manifest.lock */,
				9740EEB61CF901F6004384FC /* Run Script */,
				97C146EA1CF9000F007C117D /* Sources */,
				97C146EB1CF9000F007C117D /* Frameworks */,
				97C146EC1CF9000F007C117D /* Resources */,
				9705A1C41CF9048500538489 /* Embed Frameworks */,
				3B06AD1E1E4923F5004D2608 /* Thin Binary */,
				20EE191408113580103A682C /* [CP] Embed Pods Frameworks */,
				44881B6F675A27093BF61DA0 /* [CP] Copy Pods Resources */,
			);
			buildRules = (
			);
			dependencies = (
			);
			name = Runner;
			productName = Runner;
			productReference = 97C146EE1CF9000F007C117D /* Runner.app */;
			productType = "com.apple.product-type.application";
		};
/* End PBXNativeTarget section */

/* Begin PBXProject section */
		97C146E61CF9000F007C117D /* Project object */ = {
			isa = PBXProject;
			attributes = {
				LastUpgradeCheck = 1020;
				ORGANIZATIONNAME = "The Chromium Authors";
				TargetAttributes = {
					97C146ED1CF9000F007C117D = {
						CreatedOnToolsVersion = 7.3.1;
						DevelopmentTeam = 9PSL6P2G9U;
						ProvisioningStyle = Automatic;
					};
				};
			};
			buildConfigurationList = 97C146E91CF9000F007C117D /* Build configuration list for PBXProject "Runner" */;
			compatibilityVersion = "Xcode 3.2";
			developmentRegion = en;
			hasScannedForEncodings = 0;
			knownRegions = (
				en,
				Base,
			);
			mainGroup = 97C146E51CF9000F007C117D;
			productRefGroup = 97C146EF1CF9000F007C117D /* Products */;
			projectDirPath = "";
			projectRoot = "";
			targets = (
				97C146ED1CF9000F007C117D /* Runner */,
			);
		};
/* End PBXProject section */

/* Begin PBXResourcesBuildPhase section */
		97C146EC1CF9000F007C117D /* Resources */ = {
			isa = PBXResourcesBuildPhase;
			buildActionMask = 2147483647;
			files = (
				97C147011CF9000F007C117D /* LaunchScreen.storyboard in Resources */,
				3B3967161E833CAA004F5970 /* AppFrameworkInfo.plist in Resources */,
				9740EEB41CF90195004384FC /* Debug.xcconfig in Resources */,
				97C146FE1CF9000F007C117D /* Assets.xcassets in Resources */,
				EF8A41552338C03000AF697E /* video_chat_tip_onTimer.aac in Resources */,
				EF8A41512338C03000AF697E /* video_chat_tip_sender.aac in Resources */,
				EF8A41562338C03000AF697E /* video_chat_push.mp3 in Resources */,
				EF8A412123386E7100AF697E /* Res.bundle in Resources */,
				EF9C908E23AB707400081F82 /* JResource.bundle in Resources */,
				EF8A41522338C03000AF697E /* video_chat_tip_HangUp.aac in Resources */,
				EF8A41532338C03000AF697E /* message.wav in Resources */,
				EF8A41542338C03000AF697E /* video_chat_tip_receiver.aac in Resources */,
				EF9C908923AB707400081F82 /* jrmf_o.cer in Resources */,
				EF9C908A23AB707400081F82 /* jrmf_n.cer in Resources */,
				EF8A414F2338C03000AF697E /* video_connect_chat_tip_sender.aac in Resources */,
				EF8A41502338C03000AF697E /* video_chat_tip_OnCall.aac in Resources */,
				EF9C908523AB707400081F82 /* jrmf_p.cer in Resources */,
				EF9C908623AB707400081F82 /* WalletResource.bundle in Resources */,
				97C146FC1CF9000F007C117D /* Main.storyboard in Resources */,
			);
			runOnlyForDeploymentPostprocessing = 0;
		};
/* End PBXResourcesBuildPhase section */

/* Begin PBXShellScriptBuildPhase section */
		20EE191408113580103A682C /* [CP] Embed Pods Frameworks */ = {
			isa = PBXShellScriptBuildPhase;
			buildActionMask = 2147483647;
			files = (
			);
			inputPaths = (
			);
			name = "[CP] Embed Pods Frameworks";
			outputPaths = (
			);
			runOnlyForDeploymentPostprocessing = 0;
			shellPath = /bin/sh;
			shellScript = "\"${PODS_ROOT}/Target Support Files/Pods-Runner/Pods-Runner-frameworks.sh\"\n";
			showEnvVarsInLog = 0;
		};
		3B06AD1E1E4923F5004D2608 /* Thin Binary */ = {
			isa = PBXShellScriptBuildPhase;
			buildActionMask = 2147483647;
			files = (
			);
			inputPaths = (
			);
			name = "Thin Binary";
			outputPaths = (
			);
			runOnlyForDeploymentPostprocessing = 0;
			shellPath = /bin/sh;
			shellScript = "/bin/sh \"$FLUTTER_ROOT/packages/flutter_tools/bin/xcode_backend.sh\" thin\n";
		};
		44881B6F675A27093BF61DA0 /* [CP] Copy Pods Resources */ = {
			isa = PBXShellScriptBuildPhase;
			buildActionMask = 2147483647;
			files = (
			);
			inputPaths = (
			);
			name = "[CP] Copy Pods Resources";
			outputPaths = (
			);
			runOnlyForDeploymentPostprocessing = 0;
			shellPath = /bin/sh;
			shellScript = "\"${PODS_ROOT}/Target Support Files/Pods-Runner/Pods-Runner-resources.sh\"\n";
			showEnvVarsInLog = 0;
		};
		9740EEB61CF901F6004384FC /* Run Script */ = {
			isa = PBXShellScriptBuildPhase;
			buildActionMask = 2147483647;
			files = (
			);
			inputPaths = (
			);
			name = "Run Script";
			outputPaths = (
			);
			runOnlyForDeploymentPostprocessing = 0;
			shellPath = /bin/sh;
			shellScript = "/bin/sh \"$FLUTTER_ROOT/packages/flutter_tools/bin/xcode_backend.sh\" build\n";
		};
		A0520A0B3C8F1519E215C523 /* [CP] Check Pods Manifest.lock */ = {
			isa = PBXShellScriptBuildPhase;
			buildActionMask = 2147483647;
			files = (
			);
			inputFileListPaths = (
			);
			inputPaths = (
				"${PODS_PODFILE_DIR_PATH}/Podfile.lock",
				"${PODS_ROOT}/Manifest.lock",
			);
			name = "[CP] Check Pods Manifest.lock";
			outputFileListPaths = (
			);
			outputPaths = (
				"$(DERIVED_FILE_DIR)/Pods-Runner-checkManifestLockResult.txt",
			);
			runOnlyForDeploymentPostprocessing = 0;
			shellPath = /bin/sh;
			shellScript = "diff \"${PODS_PODFILE_DIR_PATH}/Podfile.lock\" \"${PODS_ROOT}/Manifest.lock\" > /dev/null\nif [ $? != 0 ] ; then\n    # print error to STDERR\n    echo \"error: The sandbox is not in sync with the Podfile.lock. Run 'pod install' or update your CocoaPods installation.\" >&2\n    exit 1\nfi\n# This output is used by Xcode 'outputs' to avoid re-running this script phase.\necho \"SUCCESS\" > \"${SCRIPT_OUTPUT_FILE_0}\"\n";
			showEnvVarsInLog = 0;
		};
/* End PBXShellScriptBuildPhase section */

/* Begin PBXSourcesBuildPhase section */
		97C146EA1CF9000F007C117D /* Sources */ = {
			isa = PBXSourcesBuildPhase;
			buildActionMask = 2147483647;
			files = (
				EF9C907523AB6A4400081F82 /* CJCloudRedPacketTipContentView.m in Sources */,
				EF8A411A23386D0300AF697E /* CJCustomAttachmentDecoder.m in Sources */,
				EF6C552D237AAC8600EE1E35 /* PlatformRouterImp.m in Sources */,
				EF11BE7922FAC65300CAD319 /* CJSessionListViewController.m in Sources */,
				EF8A413423389DAC00AF697E /* CJYeeRedPacketContentView.m in Sources */,
				EF8A41102334BEC100AF697E /* CJMoreContainerConfig.m in Sources */,
				EF9C907423AB6A4400081F82 /* CJCloudRedPacketContentView.m in Sources */,
				EF8A412E2338754900AF697E /* CJCellLayoutConfig.m in Sources */,
				EF8A41412338B4F200AF697E /* NTESSessionUtil.m in Sources */,
				EF071C00232634F8007E5D9B /* CJNavigationViewController.m in Sources */,
				EF9C905D23AB61C700081F82 /* CJMFRedPacketTipContentView.m in Sources */,
				EF53F6E823A8762A004EB4B4 /* CJNewFriendViewController.m in Sources */,
				978B8F6F1D3862AE00F588F7 /* AppDelegate.m in Sources */,
				97C146F31CF9000F007C117D /* main.m in Sources */,
				EF8A412A2338733700AF697E /* CJSessionCustomContentConfig.m in Sources */,
				1498D2341E8E89220040F4C2 /* GeneratedPluginRegistrant.m in Sources */,
				EF42BB4D2385316200DAA191 /* CJTabbarController.m in Sources */,
				EF9C908723AB707400081F82 /* JRMFSington.m in Sources */,
				EF9C905423AB617800081F82 /* CJMFRedPacketAttachment.m in Sources */,
				EF1422EF23055BF500AEAA55 /* CJMineViewController.m in Sources */,
				EF8A41092334AF7D00AF697E /* CJSessionViewController.m in Sources */,
				EF11BE7C22FAC74300CAD319 /* CJContactsViewController.m in Sources */,
				EF11BE6B22FABBD600CAD319 /* CJFlutterViewController.m in Sources */,
				EF8A41612339AAFB00AF697E /* CJCustomAttachmentDefines.m in Sources */,
				EF9C906E23AB6A3B00081F82 /* CJCloudRedPacketAttachment.m in Sources */,
				EF11BE7222FABBFC00CAD319 /* CJUtilBridge.m in Sources */,
				EF8A413123389A9100AF697E /* CJYeePayRedPacketAtachment.m in Sources */,
				EF8A413E2338B23400AF697E /* NTESAVNotifier.m in Sources */,
				EFD25939233C977400E78DB6 /* CJYeePayRedPacketTipAttachment.m in Sources */,
				EF8A412323386E7100AF697E /* YXInterface.m in Sources */,
				EF8A41382338B01500AF697E /* CJNotificationCenter.m in Sources */,
				EF9C906F23AB6A3B00081F82 /* CJCloudRedPacketTipAttachment.m in Sources */,
				EF9C905723AB618500081F82 /* CJMFRedPacketTipAttachment.m in Sources */,
				EF6C5530237BDAB200EE1E35 /* CJLoginViewController.m in Sources */,
				EF8A41152334D60E00AF697E /* CJPayManager.m in Sources */,
				EFD2593C233C9A7B00E78DB6 /* CJYeeRedPacketTipContentView.m in Sources */,
				EF9C905A23AB61A500081F82 /* CJMFRedPacketContentView.m in Sources */,
				EF9C904923AB29C500081F82 /* CJScanViewController.m in Sources */,
			);
			runOnlyForDeploymentPostprocessing = 0;
		};
/* End PBXSourcesBuildPhase section */

/* Begin PBXVariantGroup section */
		97C146FA1CF9000F007C117D /* Main.storyboard */ = {
			isa = PBXVariantGroup;
			children = (
				97C146FB1CF9000F007C117D /* Base */,
			);
			name = Main.storyboard;
			sourceTree = "<group>";
		};
		97C146FF1CF9000F007C117D /* LaunchScreen.storyboard */ = {
			isa = PBXVariantGroup;
			children = (
				97C147001CF9000F007C117D /* Base */,
			);
			name = LaunchScreen.storyboard;
			sourceTree = "<group>";
		};
/* End PBXVariantGroup section */

/* Begin XCBuildConfiguration section */
		249021D3217E4FDB00AE95B9 /* Profile */ = {
			isa = XCBuildConfiguration;
			baseConfigurationReference = 7AFA3C8E1D35360C0083082E /* Release.xcconfig */;
			buildSettings = {
				ALWAYS_SEARCH_USER_PATHS = NO;
				CLANG_ANALYZER_NONNULL = YES;
				CLANG_CXX_LANGUAGE_STANDARD = "gnu++0x";
				CLANG_CXX_LIBRARY = "libc++";
				CLANG_ENABLE_MODULES = YES;
				CLANG_ENABLE_OBJC_ARC = YES;
				CLANG_WARN_BLOCK_CAPTURE_AUTORELEASING = YES;
				CLANG_WARN_BOOL_CONVERSION = YES;
				CLANG_WARN_COMMA = YES;
				CLANG_WARN_CONSTANT_CONVERSION = YES;
				CLANG_WARN_DEPRECATED_OBJC_IMPLEMENTATIONS = YES;
				CLANG_WARN_DIRECT_OBJC_ISA_USAGE = YES_ERROR;
				CLANG_WARN_EMPTY_BODY = YES;
				CLANG_WARN_ENUM_CONVERSION = YES;
				CLANG_WARN_INFINITE_RECURSION = YES;
				CLANG_WARN_INT_CONVERSION = YES;
				CLANG_WARN_NON_LITERAL_NULL_CONVERSION = YES;
				CLANG_WARN_OBJC_IMPLICIT_RETAIN_SELF = YES;
				CLANG_WARN_OBJC_LITERAL_CONVERSION = YES;
				CLANG_WARN_OBJC_ROOT_CLASS = YES_ERROR;
				CLANG_WARN_RANGE_LOOP_ANALYSIS = YES;
				CLANG_WARN_STRICT_PROTOTYPES = YES;
				CLANG_WARN_SUSPICIOUS_MOVE = YES;
				CLANG_WARN_UNREACHABLE_CODE = YES;
				CLANG_WARN__DUPLICATE_METHOD_MATCH = YES;
				"CODE_SIGN_IDENTITY[sdk=iphoneos*]" = "iPhone Developer";
				COPY_PHASE_STRIP = NO;
				DEBUG_INFORMATION_FORMAT = "dwarf-with-dsym";
				ENABLE_NS_ASSERTIONS = NO;
				ENABLE_STRICT_OBJC_MSGSEND = YES;
				GCC_C_LANGUAGE_STANDARD = gnu99;
				GCC_NO_COMMON_BLOCKS = YES;
				GCC_WARN_64_TO_32_BIT_CONVERSION = YES;
				GCC_WARN_ABOUT_RETURN_TYPE = YES_ERROR;
				GCC_WARN_UNDECLARED_SELECTOR = YES;
				GCC_WARN_UNINITIALIZED_AUTOS = YES_AGGRESSIVE;
				GCC_WARN_UNUSED_FUNCTION = YES;
				GCC_WARN_UNUSED_VARIABLE = YES;
				IPHONEOS_DEPLOYMENT_TARGET = 8.0;
				MTL_ENABLE_DEBUG_INFO = NO;
				SDKROOT = iphoneos;
				TARGETED_DEVICE_FAMILY = "1,2";
				VALIDATE_PRODUCT = YES;
			};
			name = Profile;
		};
		249021D4217E4FDB00AE95B9 /* Profile */ = {
			isa = XCBuildConfiguration;
			baseConfigurationReference = 7AFA3C8E1D35360C0083082E /* Release.xcconfig */;
			buildSettings = {
				ASSETCATALOG_COMPILER_APPICON_NAME = AppIcon;
				CODE_SIGN_ENTITLEMENTS = Runner/Runner.entitlements;
				CODE_SIGN_IDENTITY = "Apple Development";
				CODE_SIGN_STYLE = Automatic;
				CURRENT_PROJECT_VERSION = "$(FLUTTER_BUILD_NUMBER)";
				DEVELOPMENT_TEAM = 9PSL6P2G9U;
				ENABLE_BITCODE = NO;
				FRAMEWORK_SEARCH_PATHS = (
					"$(inherited)",
					"$(PROJECT_DIR)/Flutter",
					"$(PROJECT_DIR)/Runner/Vendor/YeePay",
					"$(PROJECT_DIR)/Runner/Vendor/Jrmf",
				);
				GCC_PREFIX_HEADER = "$(PROJECT_DIR)/Runner/Base/PrefixHeader.pch";
				INFOPLIST_FILE = Runner/Info.plist;
				IPHONEOS_DEPLOYMENT_TARGET = 9.0;
				LD_RUNPATH_SEARCH_PATHS = "$(inherited) @executable_path/Frameworks";
				LIBRARY_SEARCH_PATHS = (
					"$(inherited)",
					"$(PROJECT_DIR)/Flutter",
				);
				PRODUCT_BUNDLE_IDENTIFIER = com.flutter.cajian;
				PRODUCT_NAME = Runner;
				PROVISIONING_PROFILE_SPECIFIER = "";
				VERSIONING_SYSTEM = "apple-generic";
			};
			name = Profile;
		};
		97C147031CF9000F007C117D /* Debug */ = {
			isa = XCBuildConfiguration;
			baseConfigurationReference = 9740EEB21CF90195004384FC /* Debug.xcconfig */;
			buildSettings = {
				ALWAYS_SEARCH_USER_PATHS = NO;
				CLANG_ANALYZER_NONNULL = YES;
				CLANG_CXX_LANGUAGE_STANDARD = "gnu++0x";
				CLANG_CXX_LIBRARY = "libc++";
				CLANG_ENABLE_MODULES = YES;
				CLANG_ENABLE_OBJC_ARC = YES;
				CLANG_WARN_BLOCK_CAPTURE_AUTORELEASING = YES;
				CLANG_WARN_BOOL_CONVERSION = YES;
				CLANG_WARN_COMMA = YES;
				CLANG_WARN_CONSTANT_CONVERSION = YES;
				CLANG_WARN_DEPRECATED_OBJC_IMPLEMENTATIONS = YES;
				CLANG_WARN_DIRECT_OBJC_ISA_USAGE = YES_ERROR;
				CLANG_WARN_EMPTY_BODY = YES;
				CLANG_WARN_ENUM_CONVERSION = YES;
				CLANG_WARN_INFINITE_RECURSION = YES;
				CLANG_WARN_INT_CONVERSION = YES;
				CLANG_WARN_NON_LITERAL_NULL_CONVERSION = YES;
				CLANG_WARN_OBJC_IMPLICIT_RETAIN_SELF = YES;
				CLANG_WARN_OBJC_LITERAL_CONVERSION = YES;
				CLANG_WARN_OBJC_ROOT_CLASS = YES_ERROR;
				CLANG_WARN_RANGE_LOOP_ANALYSIS = YES;
				CLANG_WARN_STRICT_PROTOTYPES = YES;
				CLANG_WARN_SUSPICIOUS_MOVE = YES;
				CLANG_WARN_UNREACHABLE_CODE = YES;
				CLANG_WARN__DUPLICATE_METHOD_MATCH = YES;
				"CODE_SIGN_IDENTITY[sdk=iphoneos*]" = "iPhone Developer";
				COPY_PHASE_STRIP = NO;
				DEBUG_INFORMATION_FORMAT = dwarf;
				ENABLE_STRICT_OBJC_MSGSEND = YES;
				ENABLE_TESTABILITY = YES;
				GCC_C_LANGUAGE_STANDARD = gnu99;
				GCC_DYNAMIC_NO_PIC = NO;
				GCC_NO_COMMON_BLOCKS = YES;
				GCC_OPTIMIZATION_LEVEL = 0;
				GCC_PREPROCESSOR_DEFINITIONS = (
					"DEBUG=1",
					"$(inherited)",
				);
				GCC_WARN_64_TO_32_BIT_CONVERSION = YES;
				GCC_WARN_ABOUT_RETURN_TYPE = YES_ERROR;
				GCC_WARN_UNDECLARED_SELECTOR = YES;
				GCC_WARN_UNINITIALIZED_AUTOS = YES_AGGRESSIVE;
				GCC_WARN_UNUSED_FUNCTION = YES;
				GCC_WARN_UNUSED_VARIABLE = YES;
				IPHONEOS_DEPLOYMENT_TARGET = 8.0;
				MTL_ENABLE_DEBUG_INFO = YES;
				ONLY_ACTIVE_ARCH = YES;
				SDKROOT = iphoneos;
				TARGETED_DEVICE_FAMILY = "1,2";
			};
			name = Debug;
		};
		97C147041CF9000F007C117D /* Release */ = {
			isa = XCBuildConfiguration;
			baseConfigurationReference = 7AFA3C8E1D35360C0083082E /* Release.xcconfig */;
			buildSettings = {
				ALWAYS_SEARCH_USER_PATHS = NO;
				CLANG_ANALYZER_NONNULL = YES;
				CLANG_CXX_LANGUAGE_STANDARD = "gnu++0x";
				CLANG_CXX_LIBRARY = "libc++";
				CLANG_ENABLE_MODULES = YES;
				CLANG_ENABLE_OBJC_ARC = YES;
				CLANG_WARN_BLOCK_CAPTURE_AUTORELEASING = YES;
				CLANG_WARN_BOOL_CONVERSION = YES;
				CLANG_WARN_COMMA = YES;
				CLANG_WARN_CONSTANT_CONVERSION = YES;
				CLANG_WARN_DEPRECATED_OBJC_IMPLEMENTATIONS = YES;
				CLANG_WARN_DIRECT_OBJC_ISA_USAGE = YES_ERROR;
				CLANG_WARN_EMPTY_BODY = YES;
				CLANG_WARN_ENUM_CONVERSION = YES;
				CLANG_WARN_INFINITE_RECURSION = YES;
				CLANG_WARN_INT_CONVERSION = YES;
				CLANG_WARN_NON_LITERAL_NULL_CONVERSION = YES;
				CLANG_WARN_OBJC_IMPLICIT_RETAIN_SELF = YES;
				CLANG_WARN_OBJC_LITERAL_CONVERSION = YES;
				CLANG_WARN_OBJC_ROOT_CLASS = YES_ERROR;
				CLANG_WARN_RANGE_LOOP_ANALYSIS = YES;
				CLANG_WARN_STRICT_PROTOTYPES = YES;
				CLANG_WARN_SUSPICIOUS_MOVE = YES;
				CLANG_WARN_UNREACHABLE_CODE = YES;
				CLANG_WARN__DUPLICATE_METHOD_MATCH = YES;
				"CODE_SIGN_IDENTITY[sdk=iphoneos*]" = "iPhone Developer";
				COPY_PHASE_STRIP = NO;
				DEBUG_INFORMATION_FORMAT = "dwarf-with-dsym";
				ENABLE_NS_ASSERTIONS = NO;
				ENABLE_STRICT_OBJC_MSGSEND = YES;
				GCC_C_LANGUAGE_STANDARD = gnu99;
				GCC_NO_COMMON_BLOCKS = YES;
				GCC_WARN_64_TO_32_BIT_CONVERSION = YES;
				GCC_WARN_ABOUT_RETURN_TYPE = YES_ERROR;
				GCC_WARN_UNDECLARED_SELECTOR = YES;
				GCC_WARN_UNINITIALIZED_AUTOS = YES_AGGRESSIVE;
				GCC_WARN_UNUSED_FUNCTION = YES;
				GCC_WARN_UNUSED_VARIABLE = YES;
				IPHONEOS_DEPLOYMENT_TARGET = 8.0;
				MTL_ENABLE_DEBUG_INFO = NO;
				SDKROOT = iphoneos;
				TARGETED_DEVICE_FAMILY = "1,2";
				VALIDATE_PRODUCT = YES;
			};
			name = Release;
		};
		97C147061CF9000F007C117D /* Debug */ = {
			isa = XCBuildConfiguration;
			baseConfigurationReference = 9740EEB21CF90195004384FC /* Debug.xcconfig */;
			buildSettings = {
				ASSETCATALOG_COMPILER_APPICON_NAME = AppIcon;
				CODE_SIGN_ENTITLEMENTS = Runner/Runner.entitlements;
				CODE_SIGN_IDENTITY = "Apple Development";
				CODE_SIGN_STYLE = Automatic;
				CURRENT_PROJECT_VERSION = "$(FLUTTER_BUILD_NUMBER)";
				DEVELOPMENT_TEAM = 9PSL6P2G9U;
				ENABLE_BITCODE = NO;
				FRAMEWORK_SEARCH_PATHS = (
					"$(inherited)",
					"$(PROJECT_DIR)/Flutter",
					"$(PROJECT_DIR)/Runner/Vendor/YeePay",
					"$(PROJECT_DIR)/Runner/Vendor/Jrmf",
				);
				GCC_PREFIX_HEADER = "$(PROJECT_DIR)/Runner/Base/PrefixHeader.pch";
				INFOPLIST_FILE = Runner/Info.plist;
				IPHONEOS_DEPLOYMENT_TARGET = 9.0;
				LD_RUNPATH_SEARCH_PATHS = "$(inherited) @executable_path/Frameworks";
				LIBRARY_SEARCH_PATHS = (
					"$(inherited)",
					"$(PROJECT_DIR)/Flutter",
				);
				PRODUCT_BUNDLE_IDENTIFIER = com.flutter.cajian;
				PRODUCT_NAME = Runner;
				PROVISIONING_PROFILE_SPECIFIER = "";
				VERSIONING_SYSTEM = "apple-generic";
			};
			name = Debug;
		};
		97C147071CF9000F007C117D /* Release */ = {
			isa = XCBuildConfiguration;
			baseConfigurationReference = 7AFA3C8E1D35360C0083082E /* Release.xcconfig */;
			buildSettings = {
				ASSETCATALOG_COMPILER_APPICON_NAME = AppIcon;
				CODE_SIGN_ENTITLEMENTS = Runner/Runner.entitlements;
				CODE_SIGN_IDENTITY = "Apple Development";
				CODE_SIGN_STYLE = Automatic;
				CURRENT_PROJECT_VERSION = "$(FLUTTER_BUILD_NUMBER)";
				DEVELOPMENT_TEAM = 9PSL6P2G9U;
				ENABLE_BITCODE = NO;
				FRAMEWORK_SEARCH_PATHS = (
					"$(inherited)",
					"$(PROJECT_DIR)/Flutter",
					"$(PROJECT_DIR)/Runner/Vendor/YeePay",
					"$(PROJECT_DIR)/Runner/Vendor/Jrmf",
				);
				GCC_PREFIX_HEADER = "$(PROJECT_DIR)/Runner/Base/PrefixHeader.pch";
				INFOPLIST_FILE = Runner/Info.plist;
				IPHONEOS_DEPLOYMENT_TARGET = 9.0;
				LD_RUNPATH_SEARCH_PATHS = "$(inherited) @executable_path/Frameworks";
				LIBRARY_SEARCH_PATHS = (
					"$(inherited)",
					"$(PROJECT_DIR)/Flutter",
				);
				PRODUCT_BUNDLE_IDENTIFIER = com.flutter.cajian;
				PRODUCT_NAME = Runner;
				PROVISIONING_PROFILE_SPECIFIER = "";
				VERSIONING_SYSTEM = "apple-generic";
			};
			name = Release;
		};
/* End XCBuildConfiguration section */

/* Begin XCConfigurationList section */
		97C146E91CF9000F007C117D /* Build configuration list for PBXProject "Runner" */ = {
			isa = XCConfigurationList;
			buildConfigurations = (
				97C147031CF9000F007C117D /* Debug */,
				97C147041CF9000F007C117D /* Release */,
				249021D3217E4FDB00AE95B9 /* Profile */,
			);
			defaultConfigurationIsVisible = 0;
			defaultConfigurationName = Release;
		};
		97C147051CF9000F007C117D /* Build configuration list for PBXNativeTarget "Runner" */ = {
			isa = XCConfigurationList;
			buildConfigurations = (
				97C147061CF9000F007C117D /* Debug */,
				97C147071CF9000F007C117D /* Release */,
				249021D4217E4FDB00AE95B9 /* Profile */,
			);
			defaultConfigurationIsVisible = 0;
			defaultConfigurationName = Release;
		};
/* End XCConfigurationList section */
	};
	rootObject = 97C146E61CF9000F007C117D /* Project object */;
}
