PODS:
  - Flutter (1.0.0)
  - NIMSDK_LITE (6.5.5)
  - wechat (0.0.5):
    - Flutter
    - WechatOpenSDK
  - WechatOpenSDK (1.8.4)

DEPENDENCIES:
  - Flutter (from `.symlinks/flutter/ios`)
  - NIMSDK_LITE
  - wechat (from `.symlinks/plugins/wechat/ios`)
  - WechatOpenSDK

SPEC REPOS:
  https://github.com/cocoapods/specs.git:
    - NIMSDK_LITE
    - WechatOpenSDK

EXTERNAL SOURCES:
  Flutter:
    :path: ".symlinks/flutter/ios"
  wechat:
    :path: ".symlinks/plugins/wechat/ios"

SPEC CHECKSUMS:
  Flutter: 58dd7d1b27887414a370fcccb9e645c08ffd7a6a
  NIMSDK_LITE: 8af68f798030906861a61459f93dba2d4fd2631d
  wechat: 2297896f15d800c7da9ea3716ffe069bea511919
  WechatOpenSDK: 9b721089507c895d05f997408c30bb6e6f5f9b60

PODFILE CHECKSUM: 2cfa8bc7e6996960c88d0cada4fd6de6f3559d5a

COCOAPODS: 1.7.2
