PODS:
  - Flutter (1.0.0)
  - wechat (0.0.5):
    - Flutter
    - WechatOpenSDK
  - WechatOpenSDK (1.8.4)

DEPENDENCIES:
  - Flutter (from `.symlinks/flutter/ios`)
  - wechat (from `.symlinks/plugins/wechat/ios`)
  - WechatOpenSDK

SPEC REPOS:
  https://github.com/cocoapods/specs.git:
    - WechatOpenSDK

EXTERNAL SOURCES:
  Flutter:
    :path: ".symlinks/flutter/ios"
  wechat:
    :path: ".symlinks/plugins/wechat/ios"

SPEC CHECKSUMS:
  Flutter: 58dd7d1b27887414a370fcccb9e645c08ffd7a6a
  wechat: 2297896f15d800c7da9ea3716ffe069bea511919
  WechatOpenSDK: 9b721089507c895d05f997408c30bb6e6f5f9b60

PODFILE CHECKSUM: 6af5f558903f5052b6d72c8128c9a4cce4db5c3d

COCOAPODS: 1.7.2
