PODS:
  - Flutter (1.0.0)
  - wechat (0.0.1):
    - Flutter
  - WechatOpenSDK (1.8.4)

DEPENDENCIES:
  - Flutter (from `.symlinks/flutter/ios-release`)
  - wechat (from `.symlinks/plugins/wechat/ios`)
  - WechatOpenSDK

SPEC REPOS:
  https://github.com/cocoapods/specs.git:
    - WechatOpenSDK

EXTERNAL SOURCES:
  Flutter:
    :path: ".symlinks/flutter/ios-release"
  wechat:
    :path: ".symlinks/plugins/wechat/ios"

SPEC CHECKSUMS:
  Flutter: 58dd7d1b27887414a370fcccb9e645c08ffd7a6a
  wechat: a94ac77209812242a88ddfb66feb6117550b2362
  WechatOpenSDK: 9b721089507c895d05f997408c30bb6e6f5f9b60

PODFILE CHECKSUM: 46f30e0d3827a27827a93dc439df4c9647e7f883

COCOAPODS: 1.7.2
